
Microsoft Visual Studio Solution File, Format Version 12.00
# Visual Studio Version 16
VisualStudioVersion = 16.0.30907.101
MinimumVisualStudioVersion = 10.0.40219.1
Project("{8BC9CEB8-8B4A-11D0-8D11-00A0C91BC942}") = "Project_stack", "Project_stack\Project_stack.vcxproj", "{DC8BAC95-AADB-45EF-B02B-70CEA15C936E}"
EndProject
Global
	GlobalSection(SolutionConfigurationPlatforms) = preSolution
		Debug|x64 = Debug|x64
		Debug|x86 = Debug|x86
		Release|x64 = Release|x64
		Release|x86 = Release|x86
	EndGlobalSection
	GlobalSection(ProjectConfigurationPlatforms) = postSolution
		{DC8BAC95-AADB-45EF-B02B-70CEA15C936E}.Debug|x64.ActiveCfg = Debug|x64
		{DC8BAC95-AADB-45EF-B02B-70CEA15C936E}.Debug|x64.Build.0 = Debug|x64
		{DC8BAC95-AADB-45EF-B02B-70CEA15C936E}.Debug|x86.ActiveCfg = Debug|Win32
		{DC8BAC95-AADB-45EF-B02B-70CEA15C936E}.Debug|x86.Build.0 = Debug|Win32
		{DC8BAC95-AADB-45EF-B02B-70CEA15C936E}.Release|x64.ActiveCfg = Release|x64
		{DC8BAC95-AADB-45EF-B02B-70CEA15C936E}.Release|x64.Build.0 = Release|x64
		{DC8BAC95-AADB-45EF-B02B-70CEA15C936E}.Release|x86.ActiveCfg = Release|Win32
		{DC8BAC95-AADB-45EF-B02B-70CEA15C936E}.Release|x86.Build.0 = Release|Win32
	EndGlobalSection
	GlobalSection(SolutionProperties) = preSolution
		HideSolutionNode = FALSE
	EndGlobalSection
	GlobalSection(ExtensibilityGlobals) = postSolution
		SolutionGuid = {D83A947B-9C9D-4050-A4A4-84E0707D8BB9}
	EndGlobalSection
EndGlobal
